// !$*UTF8*$!
{
	archiveVersion = 1;
	classes = {
	};
	objectVersion = 56;
	objects = {

/* Begin PBXBuildFile section */
		42ACCE0A299154E300EE8D8B /* AppDelegate.swift in Sources */ = {isa = PBXBuildFile; fileRef = 42ACCE09299154E300EE8D8B /* AppDelegate.swift */; };
		42ACCE13299154E400EE8D8B /* Assets.xcassets in Resources */ = {isa = PBXBuildFile; fileRef = 42ACCE12299154E400EE8D8B /* Assets.xcassets */; };
		42ACCE16299154E400EE8D8B /* LaunchScreen.storyboard in Resources */ = {isa = PBXBuildFile; fileRef = 42ACCE14299154E400EE8D8B /* LaunchScreen.storyboard */; };
		42ACCE2329915D1D00EE8D8B /* MoviesModel.swift in Sources */ = {isa = PBXBuildFile; fileRef = 42ACCE2229915D1D00EE8D8B /* MoviesModel.swift */; };
		42ACCE26299169C600EE8D8B /* RequestModel.swift in Sources */ = {isa = PBXBuildFile; fileRef = 42ACCE25299169C600EE8D8B /* RequestModel.swift */; };
		42ACCE2829916A1C00EE8D8B /* NetworkManager.swift in Sources */ = {isa = PBXBuildFile; fileRef = 42ACCE2729916A1C00EE8D8B /* NetworkManager.swift */; };
		42ACCE2A29917CF900EE8D8B /* NetworkError.swift in Sources */ = {isa = PBXBuildFile; fileRef = 42ACCE2929917CF900EE8D8B /* NetworkError.swift */; };
		42ACCE2E29917D8400EE8D8B /* MoviesRequests.swift in Sources */ = {isa = PBXBuildFile; fileRef = 42ACCE2D29917D8400EE8D8B /* MoviesRequests.swift */; };
		42ACCE3129917EFE00EE8D8B /* MoviesRepository.swift in Sources */ = {isa = PBXBuildFile; fileRef = 42ACCE3029917EFE00EE8D8B /* MoviesRepository.swift */; };
		42ACCE34299180ED00EE8D8B /* MoviesListUseCase.swift in Sources */ = {isa = PBXBuildFile; fileRef = 42ACCE33299180ED00EE8D8B /* MoviesListUseCase.swift */; };
		42ACCE3A2991825000EE8D8B /* Data+Extensions.swift in Sources */ = {isa = PBXBuildFile; fileRef = 42ACCE392991825000EE8D8B /* Data+Extensions.swift */; };
		42ACCE3C2991839200EE8D8B /* MoviesListPresenter.swift in Sources */ = {isa = PBXBuildFile; fileRef = 42ACCE3B2991839200EE8D8B /* MoviesListPresenter.swift */; };
		42ACCE3F2991853600EE8D8B /* MoviesListViewController.swift in Sources */ = {isa = PBXBuildFile; fileRef = 42ACCE3D2991853600EE8D8B /* MoviesListViewController.swift */; };
		42ACCE402991853600EE8D8B /* MoviesListViewController.xib in Resources */ = {isa = PBXBuildFile; fileRef = 42ACCE3E2991853600EE8D8B /* MoviesListViewController.xib */; };
		42ACCE4429918CBF00EE8D8B /* MoviesListTableViewCell.swift in Sources */ = {isa = PBXBuildFile; fileRef = 42ACCE4229918CBF00EE8D8B /* MoviesListTableViewCell.swift */; };
		42ACCE4529918CBF00EE8D8B /* MoviesListTableViewCell.xib in Resources */ = {isa = PBXBuildFile; fileRef = 42ACCE4329918CBF00EE8D8B /* MoviesListTableViewCell.xib */; };
		42ACCE4729918D4900EE8D8B /* MoviesListTableViewCellModel.swift in Sources */ = {isa = PBXBuildFile; fileRef = 42ACCE4629918D4900EE8D8B /* MoviesListTableViewCellModel.swift */; };
		42ACCE4929918EC600EE8D8B /* UIImageView+Extensions.swift in Sources */ = {isa = PBXBuildFile; fileRef = 42ACCE4829918EC600EE8D8B /* UIImageView+Extensions.swift */; };
		42ACCE4B29919AEF00EE8D8B /* Constants.swift in Sources */ = {isa = PBXBuildFile; fileRef = 42ACCE4A29919AEF00EE8D8B /* Constants.swift */; };
/* End PBXBuildFile section */

/* Begin PBXFileReference section */
		42ACCE06299154E300EE8D8B /* YassirMovies.app */ = {isa = PBXFileReference; explicitFileType = wrapper.application; includeInIndex = 0; path = YassirMovies.app; sourceTree = BUILT_PRODUCTS_DIR; };
		42ACCE09299154E300EE8D8B /* AppDelegate.swift */ = {isa = PBXFileReference; lastKnownFileType = sourcecode.swift; path = AppDelegate.swift; sourceTree = "<group>"; };
		42ACCE12299154E400EE8D8B /* Assets.xcassets */ = {isa = PBXFileReference; lastKnownFileType = folder.assetcatalog; path = Assets.xcassets; sourceTree = "<group>"; };
		42ACCE15299154E400EE8D8B /* Base */ = {isa = PBXFileReference; lastKnownFileType = file.storyboard; name = Base; path = Base.lproj/LaunchScreen.storyboard; sourceTree = "<group>"; };
		42ACCE17299154E400EE8D8B /* Info.plist */ = {isa = PBXFileReference; lastKnownFileType = text.plist.xml; path = Info.plist; sourceTree = "<group>"; };
		42ACCE2229915D1D00EE8D8B /* MoviesModel.swift */ = {isa = PBXFileReference; lastKnownFileType = sourcecode.swift; path = MoviesModel.swift; sourceTree = "<group>"; };
		42ACCE25299169C600EE8D8B /* RequestModel.swift */ = {isa = PBXFileReference; lastKnownFileType = sourcecode.swift; path = RequestModel.swift; sourceTree = "<group>"; };
		42ACCE2729916A1C00EE8D8B /* NetworkManager.swift */ = {isa = PBXFileReference; lastKnownFileType = sourcecode.swift; path = NetworkManager.swift; sourceTree = "<group>"; };
		42ACCE2929917CF900EE8D8B /* NetworkError.swift */ = {isa = PBXFileReference; lastKnownFileType = sourcecode.swift; path = NetworkError.swift; sourceTree = "<group>"; };
		42ACCE2D29917D8400EE8D8B /* MoviesRequests.swift */ = {isa = PBXFileReference; lastKnownFileType = sourcecode.swift; path = MoviesRequests.swift; sourceTree = "<group>"; };
		42ACCE3029917EFE00EE8D8B /* MoviesRepository.swift */ = {isa = PBXFileReference; lastKnownFileType = sourcecode.swift; path = MoviesRepository.swift; sourceTree = "<group>"; };
		42ACCE33299180ED00EE8D8B /* MoviesListUseCase.swift */ = {isa = PBXFileReference; lastKnownFileType = sourcecode.swift; path = MoviesListUseCase.swift; sourceTree = "<group>"; };
		42ACCE392991825000EE8D8B /* Data+Extensions.swift */ = {isa = PBXFileReference; fileEncoding = 4; lastKnownFileType = sourcecode.swift; path = "Data+Extensions.swift"; sourceTree = "<group>"; };
		42ACCE3B2991839200EE8D8B /* MoviesListPresenter.swift */ = {isa = PBXFileReference; lastKnownFileType = sourcecode.swift; path = MoviesListPresenter.swift; sourceTree = "<group>"; };
		42ACCE3D2991853600EE8D8B /* MoviesListViewController.swift */ = {isa = PBXFileReference; lastKnownFileType = sourcecode.swift; path = MoviesListViewController.swift; sourceTree = "<group>"; };
		42ACCE3E2991853600EE8D8B /* MoviesListViewController.xib */ = {isa = PBXFileReference; lastKnownFileType = file.xib; path = MoviesListViewController.xib; sourceTree = "<group>"; };
		42ACCE4229918CBF00EE8D8B /* MoviesListTableViewCell.swift */ = {isa = PBXFileReference; lastKnownFileType = sourcecode.swift; path = MoviesListTableViewCell.swift; sourceTree = "<group>"; };
		42ACCE4329918CBF00EE8D8B /* MoviesListTableViewCell.xib */ = {isa = PBXFileReference; lastKnownFileType = file.xib; path = MoviesListTableViewCell.xib; sourceTree = "<group>"; };
		42ACCE4629918D4900EE8D8B /* MoviesListTableViewCellModel.swift */ = {isa = PBXFileReference; lastKnownFileType = sourcecode.swift; path = MoviesListTableViewCellModel.swift; sourceTree = "<group>"; };
		42ACCE4829918EC600EE8D8B /* UIImageView+Extensions.swift */ = {isa = PBXFileReference; lastKnownFileType = sourcecode.swift; path = "UIImageView+Extensions.swift"; sourceTree = "<group>"; };
		42ACCE4A29919AEF00EE8D8B /* Constants.swift */ = {isa = PBXFileReference; lastKnownFileType = sourcecode.swift; path = Constants.swift; sourceTree = "<group>"; };
/* End PBXFileReference section */

/* Begin PBXFrameworksBuildPhase section */
		42ACCE03299154E300EE8D8B /* Frameworks */ = {
			isa = PBXFrameworksBuildPhase;
			buildActionMask = 2147483647;
			files = (
			);
			runOnlyForDeploymentPostprocessing = 0;
		};
/* End PBXFrameworksBuildPhase section */

/* Begin PBXGroup section */
		42ACCDFD299154E300EE8D8B = {
			isa = PBXGroup;
			children = (
				42ACCE08299154E300EE8D8B /* YassirMovies */,
				42ACCE07299154E300EE8D8B /* Products */,
			);
			sourceTree = "<group>";
		};
		42ACCE07299154E300EE8D8B /* Products */ = {
			isa = PBXGroup;
			children = (
				42ACCE06299154E300EE8D8B /* YassirMovies.app */,
			);
			name = Products;
			sourceTree = "<group>";
		};
		42ACCE08299154E300EE8D8B /* YassirMovies */ = {
			isa = PBXGroup;
			children = (
				42ACCE382991825000EE8D8B /* Extensions */,
				42ACCE24299169BC00EE8D8B /* Utilities */,
				42ACCE2029915B3000EE8D8B /* Modules */,
				42ACCE1D299156F900EE8D8B /* Delegates */,
				42ACCE1E2991574100EE8D8B /* Resources */,
				42ACCE1F2991577F00EE8D8B /* LaunchScreen */,
			);
			path = YassirMovies;
			sourceTree = "<group>";
		};
		42ACCE1D299156F900EE8D8B /* Delegates */ = {
			isa = PBXGroup;
			children = (
				42ACCE09299154E300EE8D8B /* AppDelegate.swift */,
			);
			path = Delegates;
			sourceTree = "<group>";
		};
		42ACCE1E2991574100EE8D8B /* Resources */ = {
			isa = PBXGroup;
			children = (
				42ACCE12299154E400EE8D8B /* Assets.xcassets */,
				42ACCE17299154E400EE8D8B /* Info.plist */,
			);
			path = Resources;
			sourceTree = "<group>";
		};
		42ACCE1F2991577F00EE8D8B /* LaunchScreen */ = {
			isa = PBXGroup;
			children = (
				42ACCE14299154E400EE8D8B /* LaunchScreen.storyboard */,
			);
			path = LaunchScreen;
			sourceTree = "<group>";
		};
		42ACCE2029915B3000EE8D8B /* Modules */ = {
			isa = PBXGroup;
			children = (
				42ACCE2B29917D5B00EE8D8B /* Common */,
				42ACCE32299180BC00EE8D8B /* MoviesList */,
			);
			path = Modules;
			sourceTree = "<group>";
		};
		42ACCE2129915D1000EE8D8B /* Models */ = {
			isa = PBXGroup;
			children = (
				42ACCE2229915D1D00EE8D8B /* MoviesModel.swift */,
			);
			path = Models;
			sourceTree = "<group>";
		};
		42ACCE24299169BC00EE8D8B /* Utilities */ = {
			isa = PBXGroup;
			children = (
				42ACCE25299169C600EE8D8B /* RequestModel.swift */,
				42ACCE2729916A1C00EE8D8B /* NetworkManager.swift */,
				42ACCE2929917CF900EE8D8B /* NetworkError.swift */,
				42ACCE4A29919AEF00EE8D8B /* Constants.swift */,
			);
			path = Utilities;
			sourceTree = "<group>";
		};
		42ACCE2B29917D5B00EE8D8B /* Common */ = {
			isa = PBXGroup;
			children = (
				42ACCE2F29917EF300EE8D8B /* Repositories */,
				42ACCE2C29917D7C00EE8D8B /* Requests */,
				42ACCE2129915D1000EE8D8B /* Models */,
			);
			path = Common;
			sourceTree = "<group>";
		};
		42ACCE2C29917D7C00EE8D8B /* Requests */ = {
			isa = PBXGroup;
			children = (
				42ACCE2D29917D8400EE8D8B /* MoviesRequests.swift */,
			);
			path = Requests;
			sourceTree = "<group>";
		};
		42ACCE2F29917EF300EE8D8B /* Repositories */ = {
			isa = PBXGroup;
			children = (
				42ACCE3029917EFE00EE8D8B /* MoviesRepository.swift */,
			);
			path = Repositories;
			sourceTree = "<group>";
		};
		42ACCE32299180BC00EE8D8B /* MoviesList */ = {
			isa = PBXGroup;
			children = (
				42ACCE4129918CA300EE8D8B /* TableViewCells */,
				42ACCE33299180ED00EE8D8B /* MoviesListUseCase.swift */,
				42ACCE3B2991839200EE8D8B /* MoviesListPresenter.swift */,
				42ACCE3D2991853600EE8D8B /* MoviesListViewController.swift */,
				42ACCE3E2991853600EE8D8B /* MoviesListViewController.xib */,
			);
			path = MoviesList;
			sourceTree = "<group>";
		};
		42ACCE382991825000EE8D8B /* Extensions */ = {
			isa = PBXGroup;
			children = (
				42ACCE392991825000EE8D8B /* Data+Extensions.swift */,
				42ACCE4829918EC600EE8D8B /* UIImageView+Extensions.swift */,
			);
			path = Extensions;
			sourceTree = "<group>";
		};
		42ACCE4129918CA300EE8D8B /* TableViewCells */ = {
			isa = PBXGroup;
			children = (
				42ACCE4229918CBF00EE8D8B /* MoviesListTableViewCell.swift */,
				42ACCE4629918D4900EE8D8B /* MoviesListTableViewCellModel.swift */,
				42ACCE4329918CBF00EE8D8B /* MoviesListTableViewCell.xib */,
			);
			path = TableViewCells;
			sourceTree = "<group>";
		};
/* End PBXGroup section */

/* Begin PBXNativeTarget section */
		42ACCE05299154E300EE8D8B /* YassirMovies */ = {
			isa = PBXNativeTarget;
			buildConfigurationList = 42ACCE1A299154E400EE8D8B /* Build configuration list for PBXNativeTarget "YassirMovies" */;
			buildPhases = (
				42ACCE02299154E300EE8D8B /* Sources */,
				42ACCE03299154E300EE8D8B /* Frameworks */,
				42ACCE04299154E300EE8D8B /* Resources */,
			);
			buildRules = (
			);
			dependencies = (
			);
			name = YassirMovies;
			productName = YassirMovies;
			productReference = 42ACCE06299154E300EE8D8B /* YassirMovies.app */;
			productType = "com.apple.product-type.application";
		};
/* End PBXNativeTarget section */

/* Begin PBXProject section */
		42ACCDFE299154E300EE8D8B /* Project object */ = {
			isa = PBXProject;
			attributes = {
				BuildIndependentTargetsInParallel = 1;
				LastSwiftUpdateCheck = 1420;
				LastUpgradeCheck = 1420;
				TargetAttributes = {
					42ACCE05299154E300EE8D8B = {
						CreatedOnToolsVersion = 14.2;
					};
				};
			};
			buildConfigurationList = 42ACCE01299154E300EE8D8B /* Build configuration list for PBXProject "YassirMovies" */;
			compatibilityVersion = "Xcode 14.0";
			developmentRegion = en;
			hasScannedForEncodings = 0;
			knownRegions = (
				en,
				Base,
			);
			mainGroup = 42ACCDFD299154E300EE8D8B;
			productRefGroup = 42ACCE07299154E300EE8D8B /* Products */;
			projectDirPath = "";
			projectRoot = "";
			targets = (
				42ACCE05299154E300EE8D8B /* YassirMovies */,
			);
		};
/* End PBXProject section */

/* Begin PBXResourcesBuildPhase section */
		42ACCE04299154E300EE8D8B /* Resources */ = {
			isa = PBXResourcesBuildPhase;
			buildActionMask = 2147483647;
			files = (
				42ACCE16299154E400EE8D8B /* LaunchScreen.storyboard in Resources */,
				42ACCE13299154E400EE8D8B /* Assets.xcassets in Resources */,
				42ACCE4529918CBF00EE8D8B /* MoviesListTableViewCell.xib in Resources */,
				42ACCE402991853600EE8D8B /* MoviesListViewController.xib in Resources */,
			);
			runOnlyForDeploymentPostprocessing = 0;
		};
/* End PBXResourcesBuildPhase section */

/* Begin PBXSourcesBuildPhase section */
		42ACCE02299154E300EE8D8B /* Sources */ = {
			isa = PBXSourcesBuildPhase;
			buildActionMask = 2147483647;
			files = (
				42ACCE2829916A1C00EE8D8B /* NetworkManager.swift in Sources */,
				42ACCE2A29917CF900EE8D8B /* NetworkError.swift in Sources */,
				42ACCE4429918CBF00EE8D8B /* MoviesListTableViewCell.swift in Sources */,
				42ACCE34299180ED00EE8D8B /* MoviesListUseCase.swift in Sources */,
				42ACCE26299169C600EE8D8B /* RequestModel.swift in Sources */,
				42ACCE4B29919AEF00EE8D8B /* Constants.swift in Sources */,
				42ACCE2329915D1D00EE8D8B /* MoviesModel.swift in Sources */,
				42ACCE3129917EFE00EE8D8B /* MoviesRepository.swift in Sources */,
				42ACCE4729918D4900EE8D8B /* MoviesListTableViewCellModel.swift in Sources */,
				42ACCE4929918EC600EE8D8B /* UIImageView+Extensions.swift in Sources */,
				42ACCE0A299154E300EE8D8B /* AppDelegate.swift in Sources */,
				42ACCE3A2991825000EE8D8B /* Data+Extensions.swift in Sources */,
				42ACCE2E29917D8400EE8D8B /* MoviesRequests.swift in Sources */,
				42ACCE3F2991853600EE8D8B /* MoviesListViewController.swift in Sources */,
				42ACCE3C2991839200EE8D8B /* MoviesListPresenter.swift in Sources */,
			);
			runOnlyForDeploymentPostprocessing = 0;
		};
/* End PBXSourcesBuildPhase section */

/* Begin PBXVariantGroup section */
		42ACCE14299154E400EE8D8B /* LaunchScreen.storyboard */ = {
			isa = PBXVariantGroup;
			children = (
				42ACCE15299154E400EE8D8B /* Base */,
			);
			name = LaunchScreen.storyboard;
			sourceTree = "<group>";
		};
/* End PBXVariantGroup section */

/* Begin XCBuildConfiguration section */
		42ACCE18299154E400EE8D8B /* Debug */ = {
			isa = XCBuildConfiguration;
			buildSettings = {
				ALWAYS_SEARCH_USER_PATHS = NO;
				CLANG_ANALYZER_NONNULL = YES;
				CLANG_ANALYZER_NUMBER_OBJECT_CONVERSION = YES_AGGRESSIVE;
				CLANG_CXX_LANGUAGE_STANDARD = "gnu++20";
				CLANG_ENABLE_MODULES = YES;
				CLANG_ENABLE_OBJC_ARC = YES;
				CLANG_ENABLE_OBJC_WEAK = YES;
				CLANG_WARN_BLOCK_CAPTURE_AUTORELEASING = YES;
				CLANG_WARN_BOOL_CONVERSION = YES;
				CLANG_WARN_COMMA = YES;
				CLANG_WARN_CONSTANT_CONVERSION = YES;
				CLANG_WARN_DEPRECATED_OBJC_IMPLEMENTATIONS = YES;
				CLANG_WARN_DIRECT_OBJC_ISA_USAGE = YES_ERROR;
				CLANG_WARN_DOCUMENTATION_COMMENTS = YES;
				CLANG_WARN_EMPTY_BODY = YES;
				CLANG_WARN_ENUM_CONVERSION = YES;
				CLANG_WARN_INFINITE_RECURSION = YES;
				CLANG_WARN_INT_CONVERSION = YES;
				CLANG_WARN_NON_LITERAL_NULL_CONVERSION = YES;
				CLANG_WARN_OBJC_IMPLICIT_RETAIN_SELF = YES;
				CLANG_WARN_OBJC_LITERAL_CONVERSION = YES;
				CLANG_WARN_OBJC_ROOT_CLASS = YES_ERROR;
				CLANG_WARN_QUOTED_INCLUDE_IN_FRAMEWORK_HEADER = YES;
				CLANG_WARN_RANGE_LOOP_ANALYSIS = YES;
				CLANG_WARN_STRICT_PROTOTYPES = YES;
				CLANG_WARN_SUSPICIOUS_MOVE = YES;
				CLANG_WARN_UNGUARDED_AVAILABILITY = YES_AGGRESSIVE;
				CLANG_WARN_UNREACHABLE_CODE = YES;
				CLANG_WARN__DUPLICATE_METHOD_MATCH = YES;
				COPY_PHASE_STRIP = NO;
				DEBUG_INFORMATION_FORMAT = dwarf;
				ENABLE_STRICT_OBJC_MSGSEND = YES;
				ENABLE_TESTABILITY = YES;
				GCC_C_LANGUAGE_STANDARD = gnu11;
				GCC_DYNAMIC_NO_PIC = NO;
				GCC_NO_COMMON_BLOCKS = YES;
				GCC_OPTIMIZATION_LEVEL = 0;
				GCC_PREPROCESSOR_DEFINITIONS = (
					"DEBUG=1",
					"$(inherited)",
				);
				GCC_WARN_64_TO_32_BIT_CONVERSION = YES;
				GCC_WARN_ABOUT_RETURN_TYPE = YES_ERROR;
				GCC_WARN_UNDECLARED_SELECTOR = YES;
				GCC_WARN_UNINITIALIZED_AUTOS = YES_AGGRESSIVE;
				GCC_WARN_UNUSED_FUNCTION = YES;
				GCC_WARN_UNUSED_VARIABLE = YES;
				IPHONEOS_DEPLOYMENT_TARGET = 16.2;
				MTL_ENABLE_DEBUG_INFO = INCLUDE_SOURCE;
				MTL_FAST_MATH = YES;
				ONLY_ACTIVE_ARCH = YES;
				SDKROOT = iphoneos;
				SWIFT_ACTIVE_COMPILATION_CONDITIONS = DEBUG;
				SWIFT_OPTIMIZATION_LEVEL = "-Onone";
			};
			name = Debug;
		};
		42ACCE19299154E400EE8D8B /* Release */ = {
			isa = XCBuildConfiguration;
			buildSettings = {
				ALWAYS_SEARCH_USER_PATHS = NO;
				CLANG_ANALYZER_NONNULL = YES;
				CLANG_ANALYZER_NUMBER_OBJECT_CONVERSION = YES_AGGRESSIVE;
				CLANG_CXX_LANGUAGE_STANDARD = "gnu++20";
				CLANG_ENABLE_MODULES = YES;
				CLANG_ENABLE_OBJC_ARC = YES;
				CLANG_ENABLE_OBJC_WEAK = YES;
				CLANG_WARN_BLOCK_CAPTURE_AUTORELEASING = YES;
				CLANG_WARN_BOOL_CONVERSION = YES;
				CLANG_WARN_COMMA = YES;
				CLANG_WARN_CONSTANT_CONVERSION = YES;
				CLANG_WARN_DEPRECATED_OBJC_IMPLEMENTATIONS = YES;
				CLANG_WARN_DIRECT_OBJC_ISA_USAGE = YES_ERROR;
				CLANG_WARN_DOCUMENTATION_COMMENTS = YES;
				CLANG_WARN_EMPTY_BODY = YES;
				CLANG_WARN_ENUM_CONVERSION = YES;
				CLANG_WARN_INFINITE_RECURSION = YES;
				CLANG_WARN_INT_CONVERSION = YES;
				CLANG_WARN_NON_LITERAL_NULL_CONVERSION = YES;
				CLANG_WARN_OBJC_IMPLICIT_RETAIN_SELF = YES;
				CLANG_WARN_OBJC_LITERAL_CONVERSION = YES;
				CLANG_WARN_OBJC_ROOT_CLASS = YES_ERROR;
				CLANG_WARN_QUOTED_INCLUDE_IN_FRAMEWORK_HEADER = YES;
				CLANG_WARN_RANGE_LOOP_ANALYSIS = YES;
				CLANG_WARN_STRICT_PROTOTYPES = YES;
				CLANG_WARN_SUSPICIOUS_MOVE = YES;
				CLANG_WARN_UNGUARDED_AVAILABILITY = YES_AGGRESSIVE;
				CLANG_WARN_UNREACHABLE_CODE = YES;
				CLANG_WARN__DUPLICATE_METHOD_MATCH = YES;
				COPY_PHASE_STRIP = NO;
				DEBUG_INFORMATION_FORMAT = "dwarf-with-dsym";
				ENABLE_NS_ASSERTIONS = NO;
				ENABLE_STRICT_OBJC_MSGSEND = YES;
				GCC_C_LANGUAGE_STANDARD = gnu11;
				GCC_NO_COMMON_BLOCKS = YES;
				GCC_WARN_64_TO_32_BIT_CONVERSION = YES;
				GCC_WARN_ABOUT_RETURN_TYPE = YES_ERROR;
				GCC_WARN_UNDECLARED_SELECTOR = YES;
				GCC_WARN_UNINITIALIZED_AUTOS = YES_AGGRESSIVE;
				GCC_WARN_UNUSED_FUNCTION = YES;
				GCC_WARN_UNUSED_VARIABLE = YES;
				IPHONEOS_DEPLOYMENT_TARGET = 16.2;
				MTL_ENABLE_DEBUG_INFO = NO;
				MTL_FAST_MATH = YES;
				SDKROOT = iphoneos;
				SWIFT_COMPILATION_MODE = wholemodule;
				SWIFT_OPTIMIZATION_LEVEL = "-O";
				VALIDATE_PRODUCT = YES;
			};
			name = Release;
		};
		42ACCE1B299154E400EE8D8B /* Debug */ = {
			isa = XCBuildConfiguration;
			buildSettings = {
				ASSETCATALOG_COMPILER_APPICON_NAME = AppIcon;
				ASSETCATALOG_COMPILER_GLOBAL_ACCENT_COLOR_NAME = AccentColor;
				CODE_SIGN_STYLE = Automatic;
				CURRENT_PROJECT_VERSION = 1;
				DEVELOPMENT_TEAM = 6675BR2529;
				GENERATE_INFOPLIST_FILE = YES;
				INFOPLIST_FILE = YassirMovies/Resources/Info.plist;
				INFOPLIST_KEY_UIApplicationSupportsIndirectInputEvents = YES;
				INFOPLIST_KEY_UILaunchStoryboardName = LaunchScreen;
				INFOPLIST_KEY_UISupportedInterfaceOrientations_iPad = "UIInterfaceOrientationPortrait UIInterfaceOrientationPortraitUpsideDown UIInterfaceOrientationLandscapeLeft UIInterfaceOrientationLandscapeRight";
				INFOPLIST_KEY_UISupportedInterfaceOrientations_iPhone = "UIInterfaceOrientationPortrait UIInterfaceOrientationLandscapeLeft UIInterfaceOrientationLandscapeRight";
				IPHONEOS_DEPLOYMENT_TARGET = 15;
				LD_RUNPATH_SEARCH_PATHS = (
					"$(inherited)",
					"@executable_path/Frameworks",
				);
				MARKETING_VERSION = 1.0;
				PRODUCT_BUNDLE_IDENTIFIER = com.ewaily.YassirMovies;
				PRODUCT_NAME = "$(TARGET_NAME)";
				SWIFT_EMIT_LOC_STRINGS = YES;
				SWIFT_VERSION = 5.0;
				TARGETED_DEVICE_FAMILY = "1,2";
			};
			name = Debug;
		};
		42ACCE1C299154E400EE8D8B /* Release */ = {
			isa = XCBuildConfiguration;
			buildSettings = {
				ASSETCATALOG_COMPILER_APPICON_NAME = AppIcon;
				ASSETCATALOG_COMPILER_GLOBAL_ACCENT_COLOR_NAME = AccentColor;
				CODE_SIGN_STYLE = Automatic;
				CURRENT_PROJECT_VERSION = 1;
				DEVELOPMENT_TEAM = 6675BR2529;
				GENERATE_INFOPLIST_FILE = YES;
				INFOPLIST_FILE = YassirMovies/Resources/Info.plist;
				INFOPLIST_KEY_UIApplicationSupportsIndirectInputEvents = YES;
				INFOPLIST_KEY_UILaunchStoryboardName = LaunchScreen;
				INFOPLIST_KEY_UISupportedInterfaceOrientations_iPad = "UIInterfaceOrientationPortrait UIInterfaceOrientationPortraitUpsideDown UIInterfaceOrientationLandscapeLeft UIInterfaceOrientationLandscapeRight";
				INFOPLIST_KEY_UISupportedInterfaceOrientations_iPhone = "UIInterfaceOrientationPortrait UIInterfaceOrientationLandscapeLeft UIInterfaceOrientationLandscapeRight";
				IPHONEOS_DEPLOYMENT_TARGET = 15;
				LD_RUNPATH_SEARCH_PATHS = (
					"$(inherited)",
					"@executable_path/Frameworks",
				);
				MARKETING_VERSION = 1.0;
				PRODUCT_BUNDLE_IDENTIFIER = com.ewaily.YassirMovies;
				PRODUCT_NAME = "$(TARGET_NAME)";
				SWIFT_EMIT_LOC_STRINGS = YES;
				SWIFT_VERSION = 5.0;
				TARGETED_DEVICE_FAMILY = "1,2";
			};
			name = Release;
		};
/* End XCBuildConfiguration section */

/* Begin XCConfigurationList section */
		42ACCE01299154E300EE8D8B /* Build configuration list for PBXProject "YassirMovies" */ = {
			isa = XCConfigurationList;
			buildConfigurations = (
				42ACCE18299154E400EE8D8B /* Debug */,
				42ACCE19299154E400EE8D8B /* Release */,
			);
			defaultConfigurationIsVisible = 0;
			defaultConfigurationName = Release;
		};
		42ACCE1A299154E400EE8D8B /* Build configuration list for PBXNativeTarget "YassirMovies" */ = {
			isa = XCConfigurationList;
			buildConfigurations = (
				42ACCE1B299154E400EE8D8B /* Debug */,
				42ACCE1C299154E400EE8D8B /* Release */,
			);
			defaultConfigurationIsVisible = 0;
			defaultConfigurationName = Release;
		};
/* End XCConfigurationList section */
	};
	rootObject = 42ACCDFE299154E300EE8D8B /* Project object */;
}
